
Microsoft Visual Studio Solution File, Format Version 12.00
# Visual Studio Version 16
VisualStudioVersion = 16.0.810.4
MinimumVisualStudioVersion = 10.0.40219.1
Project("{9A19103F-16F7-4668-BE54-9A1E7A4F7556}") = "To_Do", "To_Do\To_Do.csproj", "{C7C0061A-46E2-419E-B067-28C64E64FD39}"
EndProject
Project("{2150E333-8FDC-42A3-9474-1A3956D46DE8}") = "Solution Items", "Solution Items", "{45462AD0-AB62-4B24-BBD3-B4E2B50AFE8A}"
	ProjectSection(SolutionItems) = preProject
		.editorconfig = .editorconfig
		docs\README.md = docs\README.md
		docs\Record.cs = docs\Record.cs
	EndProjectSection
EndProject
Project("{9A19103F-16F7-4668-BE54-9A1E7A4F7556}") = "Lib_Shared_Core", "Lib_Shared_Core\Lib_Shared_Core.csproj", "{41D24530-0D10-4DFA-9478-427E2AA14BC7}"
EndProject
Global
	GlobalSection(SolutionConfigurationPlatforms) = preSolution
		Debug|Any CPU = Debug|Any CPU
		Release|Any CPU = Release|Any CPU
	EndGlobalSection
	GlobalSection(ProjectConfigurationPlatforms) = postSolution
		{C7C0061A-46E2-419E-B067-28C64E64FD39}.Debug|Any CPU.ActiveCfg = Debug|Any CPU
		{C7C0061A-46E2-419E-B067-28C64E64FD39}.Debug|Any CPU.Build.0 = Debug|Any CPU
		{C7C0061A-46E2-419E-B067-28C64E64FD39}.Release|Any CPU.ActiveCfg = Release|Any CPU
		{C7C0061A-46E2-419E-B067-28C64E64FD39}.Release|Any CPU.Build.0 = Release|Any CPU
		{41D24530-0D10-4DFA-9478-427E2AA14BC7}.Debug|Any CPU.ActiveCfg = Debug|Any CPU
		{41D24530-0D10-4DFA-9478-427E2AA14BC7}.Debug|Any CPU.Build.0 = Debug|Any CPU
		{41D24530-0D10-4DFA-9478-427E2AA14BC7}.Release|Any CPU.ActiveCfg = Release|Any CPU
		{41D24530-0D10-4DFA-9478-427E2AA14BC7}.Release|Any CPU.Build.0 = Release|Any CPU
	EndGlobalSection
	GlobalSection(SolutionProperties) = preSolution
		HideSolutionNode = FALSE
	EndGlobalSection
	GlobalSection(ExtensibilityGlobals) = postSolution
		SolutionGuid = {938474F5-36A2-4407-8846-B58A80AE6058}
	EndGlobalSection
EndGlobal
